
Microsoft Visual Studio Solution File, Format Version 12.00
# Visual Studio Version 16
VisualStudioVersion = 16.0.31205.134
MinimumVisualStudioVersion = 10.0.40219.1
Project("{FAE04EC0-301F-11D3-BF4B-00C04F79EFBC}") = "LINQHomewWork", "LINQHomewWork\LINQHomewWork.csproj", "{9C3B14FD-E6E6-475F-90FF-F985CBC07314}"
EndProject
Global
	GlobalSection(SolutionConfigurationPlatforms) = preSolution
		Debug|Any CPU = Debug|Any CPU
		Release|Any CPU = Release|Any CPU
	EndGlobalSection
	GlobalSection(ProjectConfigurationPlatforms) = postSolution
		{9C3B14FD-E6E6-475F-90FF-F985CBC07314}.Debug|Any CPU.ActiveCfg = Debug|Any CPU
		{9C3B14FD-E6E6-475F-90FF-F985CBC07314}.Debug|Any CPU.Build.0 = Debug|Any CPU
		{9C3B14FD-E6E6-475F-90FF-F985CBC07314}.Release|Any CPU.ActiveCfg = Release|Any CPU
		{9C3B14FD-E6E6-475F-90FF-F985CBC07314}.Release|Any CPU.Build.0 = Release|Any CPU
	EndGlobalSection
	GlobalSection(SolutionProperties) = preSolution
		HideSolutionNode = FALSE
	EndGlobalSection
	GlobalSection(ExtensibilityGlobals) = postSolution
		SolutionGuid = {0B4AF354-0C85-4E75-8B41-7D31685FD91F}
	EndGlobalSection
EndGlobal
